
Microsoft Visual Studio Solution File, Format Version 12.00
# Visual Studio Version 17
VisualStudioVersion = 17.0.31903.59
MinimumVisualStudioVersion = 10.0.40219.1
Project("{FAE04EC0-301F-11D3-BF4B-00C04F79EFBC}") = "WebApi", "WebApi\WebApi.csproj", "{A0240F28-DFE6-48E5-B7F2-9CDE41ECA561}"
EndProject
Project("{FAE04EC0-301F-11D3-BF4B-00C04F79EFBC}") = "Business", "Business\Business.csproj", "{CAA148E6-67B0-4E8B-8976-27FA5431C8A2}"
EndProject
Project("{FAE04EC0-301F-11D3-BF4B-00C04F79EFBC}") = "Data", "Data\Data.csproj", "{95C7CF41-949C-4372-9223-88BF25BCA7E2}"
EndProject
Project("{FAE04EC0-301F-11D3-BF4B-00C04F79EFBC}") = "Entities", "Entities\Entities.csproj", "{B654A6FC-D820-409A-B0BD-1FF9033049E8}"
EndProject
Project("{FAE04EC0-301F-11D3-BF4B-00C04F79EFBC}") = "Common", "Common\Common.csproj", "{C233005E-AA01-4FA5-B859-0DA3888DF8B0}"
EndProject
Project("{FAE04EC0-301F-11D3-BF4B-00C04F79EFBC}") = "AdminTool", "AdminTool\AdminTool.csproj", "{DA306DFD-BC9B-487B-BA33-96A340EC8724}"
EndProject
Global
	GlobalSection(SolutionConfigurationPlatforms) = preSolution
		Debug|Any CPU = Debug|Any CPU
		Debug|x64 = Debug|x64
		Debug|x86 = Debug|x86
		Release|Any CPU = Release|Any CPU
		Release|x64 = Release|x64
		Release|x86 = Release|x86
	EndGlobalSection
	GlobalSection(ProjectConfigurationPlatforms) = postSolution
		{A0240F28-DFE6-48E5-B7F2-9CDE41ECA561}.Debug|Any CPU.ActiveCfg = Debug|Any CPU
		{A0240F28-DFE6-48E5-B7F2-9CDE41ECA561}.Debug|Any CPU.Build.0 = Debug|Any CPU
		{A0240F28-DFE6-48E5-B7F2-9CDE41ECA561}.Debug|x64.ActiveCfg = Debug|Any CPU
		{A0240F28-DFE6-48E5-B7F2-9CDE41ECA561}.Debug|x64.Build.0 = Debug|Any CPU
		{A0240F28-DFE6-48E5-B7F2-9CDE41ECA561}.Debug|x86.ActiveCfg = Debug|Any CPU
		{A0240F28-DFE6-48E5-B7F2-9CDE41ECA561}.Debug|x86.Build.0 = Debug|Any CPU
		{A0240F28-DFE6-48E5-B7F2-9CDE41ECA561}.Release|Any CPU.ActiveCfg = Release|Any CPU
		{A0240F28-DFE6-48E5-B7F2-9CDE41ECA561}.Release|Any CPU.Build.0 = Release|Any CPU
		{A0240F28-DFE6-48E5-B7F2-9CDE41ECA561}.Release|x64.ActiveCfg = Release|Any CPU
		{A0240F28-DFE6-48E5-B7F2-9CDE41ECA561}.Release|x64.Build.0 = Release|Any CPU
		{A0240F28-DFE6-48E5-B7F2-9CDE41ECA561}.Release|x86.ActiveCfg = Release|Any CPU
		{A0240F28-DFE6-48E5-B7F2-9CDE41ECA561}.Release|x86.Build.0 = Release|Any CPU
		{CAA148E6-67B0-4E8B-8976-27FA5431C8A2}.Debug|Any CPU.ActiveCfg = Debug|Any CPU
		{CAA148E6-67B0-4E8B-8976-27FA5431C8A2}.Debug|Any CPU.Build.0 = Debug|Any CPU
		{CAA148E6-67B0-4E8B-8976-27FA5431C8A2}.Debug|x64.ActiveCfg = Debug|Any CPU
		{CAA148E6-67B0-4E8B-8976-27FA5431C8A2}.Debug|x64.Build.0 = Debug|Any CPU
		{CAA148E6-67B0-4E8B-8976-27FA5431C8A2}.Debug|x86.ActiveCfg = Debug|Any CPU
		{CAA148E6-67B0-4E8B-8976-27FA5431C8A2}.Debug|x86.Build.0 = Debug|Any CPU
		{CAA148E6-67B0-4E8B-8976-27FA5431C8A2}.Release|Any CPU.ActiveCfg = Release|Any CPU
		{CAA148E6-67B0-4E8B-8976-27FA5431C8A2}.Release|Any CPU.Build.0 = Release|Any CPU
		{CAA148E6-67B0-4E8B-8976-27FA5431C8A2}.Release|x64.ActiveCfg = Release|Any CPU
		{CAA148E6-67B0-4E8B-8976-27FA5431C8A2}.Release|x64.Build.0 = Release|Any CPU
		{CAA148E6-67B0-4E8B-8976-27FA5431C8A2}.Release|x86.ActiveCfg = Release|Any CPU
		{CAA148E6-67B0-4E8B-8976-27FA5431C8A2}.Release|x86.Build.0 = Release|Any CPU
		{95C7CF41-949C-4372-9223-88BF25BCA7E2}.Debug|Any CPU.ActiveCfg = Debug|Any CPU
		{95C7CF41-949C-4372-9223-88BF25BCA7E2}.Debug|Any CPU.Build.0 = Debug|Any CPU
		{95C7CF41-949C-4372-9223-88BF25BCA7E2}.Debug|x64.ActiveCfg = Debug|Any CPU
		{95C7CF41-949C-4372-9223-88BF25BCA7E2}.Debug|x64.Build.0 = Debug|Any CPU
		{95C7CF41-949C-4372-9223-88BF25BCA7E2}.Debug|x86.ActiveCfg = Debug|Any CPU
		{95C7CF41-949C-4372-9223-88BF25BCA7E2}.Debug|x86.Build.0 = Debug|Any CPU
		{95C7CF41-949C-4372-9223-88BF25BCA7E2}.Release|Any CPU.ActiveCfg = Release|Any CPU
		{95C7CF41-949C-4372-9223-88BF25BCA7E2}.Release|Any CPU.Build.0 = Release|Any CPU
		{95C7CF41-949C-4372-9223-88BF25BCA7E2}.Release|x64.ActiveCfg = Release|Any CPU
		{95C7CF41-949C-4372-9223-88BF25BCA7E2}.Release|x64.Build.0 = Release|Any CPU
		{95C7CF41-949C-4372-9223-88BF25BCA7E2}.Release|x86.ActiveCfg = Release|Any CPU
		{95C7CF41-949C-4372-9223-88BF25BCA7E2}.Release|x86.Build.0 = Release|Any CPU
		{B654A6FC-D820-409A-B0BD-1FF9033049E8}.Debug|Any CPU.ActiveCfg = Debug|Any CPU
		{B654A6FC-D820-409A-B0BD-1FF9033049E8}.Debug|Any CPU.Build.0 = Debug|Any CPU
		{B654A6FC-D820-409A-B0BD-1FF9033049E8}.Debug|x64.ActiveCfg = Debug|Any CPU
		{B654A6FC-D820-409A-B0BD-1FF9033049E8}.Debug|x64.Build.0 = Debug|Any CPU
		{B654A6FC-D820-409A-B0BD-1FF9033049E8}.Debug|x86.ActiveCfg = Debug|Any CPU
		{B654A6FC-D820-409A-B0BD-1FF9033049E8}.Debug|x86.Build.0 = Debug|Any CPU
		{B654A6FC-D820-409A-B0BD-1FF9033049E8}.Release|Any CPU.ActiveCfg = Release|Any CPU
		{B654A6FC-D820-409A-B0BD-1FF9033049E8}.Release|Any CPU.Build.0 = Release|Any CPU
		{B654A6FC-D820-409A-B0BD-1FF9033049E8}.Release|x64.ActiveCfg = Release|Any CPU
		{B654A6FC-D820-409A-B0BD-1FF9033049E8}.Release|x64.Build.0 = Release|Any CPU
		{B654A6FC-D820-409A-B0BD-1FF9033049E8}.Release|x86.ActiveCfg = Release|Any CPU
		{B654A6FC-D820-409A-B0BD-1FF9033049E8}.Release|x86.Build.0 = Release|Any CPU
		{C233005E-AA01-4FA5-B859-0DA3888DF8B0}.Debug|Any CPU.ActiveCfg = Debug|Any CPU
		{C233005E-AA01-4FA5-B859-0DA3888DF8B0}.Debug|Any CPU.Build.0 = Debug|Any CPU
		{C233005E-AA01-4FA5-B859-0DA3888DF8B0}.Debug|x64.ActiveCfg = Debug|Any CPU
		{C233005E-AA01-4FA5-B859-0DA3888DF8B0}.Debug|x64.Build.0 = Debug|Any CPU
		{C233005E-AA01-4FA5-B859-0DA3888DF8B0}.Debug|x86.ActiveCfg = Debug|Any CPU
		{C233005E-AA01-4FA5-B859-0DA3888DF8B0}.Debug|x86.Build.0 = Debug|Any CPU
		{C233005E-AA01-4FA5-B859-0DA3888DF8B0}.Release|Any CPU.ActiveCfg = Release|Any CPU
		{C233005E-AA01-4FA5-B859-0DA3888DF8B0}.Release|Any CPU.Build.0 = Release|Any CPU
		{C233005E-AA01-4FA5-B859-0DA3888DF8B0}.Release|x64.ActiveCfg = Release|Any CPU
		{C233005E-AA01-4FA5-B859-0DA3888DF8B0}.Release|x64.Build.0 = Release|Any CPU
		{C233005E-AA01-4FA5-B859-0DA3888DF8B0}.Release|x86.ActiveCfg = Release|Any CPU
		{C233005E-AA01-4FA5-B859-0DA3888DF8B0}.Release|x86.Build.0 = Release|Any CPU
		{DA306DFD-BC9B-487B-BA33-96A340EC8724}.Debug|Any CPU.ActiveCfg = Debug|Any CPU
		{DA306DFD-BC9B-487B-BA33-96A340EC8724}.Debug|Any CPU.Build.0 = Debug|Any CPU
		{DA306DFD-BC9B-487B-BA33-96A340EC8724}.Debug|x64.ActiveCfg = Debug|Any CPU
		{DA306DFD-BC9B-487B-BA33-96A340EC8724}.Debug|x64.Build.0 = Debug|Any CPU
		{DA306DFD-BC9B-487B-BA33-96A340EC8724}.Debug|x86.ActiveCfg = Debug|Any CPU
		{DA306DFD-BC9B-487B-BA33-96A340EC8724}.Debug|x86.Build.0 = Debug|Any CPU
		{DA306DFD-BC9B-487B-BA33-96A340EC8724}.Release|Any CPU.ActiveCfg = Release|Any CPU
		{DA306DFD-BC9B-487B-BA33-96A340EC8724}.Release|Any CPU.Build.0 = Release|Any CPU
		{DA306DFD-BC9B-487B-BA33-96A340EC8724}.Release|x64.ActiveCfg = Release|Any CPU
		{DA306DFD-BC9B-487B-BA33-96A340EC8724}.Release|x64.Build.0 = Release|Any CPU
		{DA306DFD-BC9B-487B-BA33-96A340EC8724}.Release|x86.ActiveCfg = Release|Any CPU
		{DA306DFD-BC9B-487B-BA33-96A340EC8724}.Release|x86.Build.0 = Release|Any CPU
	EndGlobalSection
	GlobalSection(SolutionProperties) = preSolution
		HideSolutionNode = FALSE
	EndGlobalSection
EndGlobal
